
Microsoft Visual Studio Solution File, Format Version 12.00
# Visual Studio 2012
Project("{FAE04EC0-301F-11D3-BF4B-00C04F79EFBC}") = "CheckIn", "CheckIn\CheckIn.csproj", "{527CACF0-3001-4F2D-AD90-3699527387FA}"
EndProject
Global
	GlobalSection(SolutionConfigurationPlatforms) = preSolution
		Debug|Any CPU = Debug|Any CPU
		Release|Any CPU = Release|Any CPU
	EndGlobalSection
	GlobalSection(ProjectConfigurationPlatforms) = postSolution
		{527CACF0-3001-4F2D-AD90-3699527387FA}.Debug|Any CPU.ActiveCfg = Debug|Any CPU
		{527CACF0-3001-4F2D-AD90-3699527387FA}.Debug|Any CPU.Build.0 = Debug|Any CPU
		{527CACF0-3001-4F2D-AD90-3699527387FA}.Debug|Any CPU.Deploy.0 = Debug|Any CPU
		{527CACF0-3001-4F2D-AD90-3699527387FA}.Release|Any CPU.ActiveCfg = Release|Any CPU
		{527CACF0-3001-4F2D-AD90-3699527387FA}.Release|Any CPU.Build.0 = Release|Any CPU
		{527CACF0-3001-4F2D-AD90-3699527387FA}.Release|Any CPU.Deploy.0 = Release|Any CPU
	EndGlobalSection
	GlobalSection(SolutionProperties) = preSolution
		HideSolutionNode = FALSE
	EndGlobalSection
EndGlobal
